
Microsoft Visual Studio Solution File, Format Version 12.00
# Visual Studio Version 17
VisualStudioVersion = 17.4.33213.308
MinimumVisualStudioVersion = 10.0.40219.1
Project("{FAE04EC0-301F-11D3-BF4B-00C04F79EFBC}") = "Kockica za jamb", "Kockica za jamb\Kockica za jamb.csproj", "{5E5256B0-7B9B-429F-AE80-670CA55BD61A}"
EndProject
Global
	GlobalSection(SolutionConfigurationPlatforms) = preSolution
		Debug|Any CPU = Debug|Any CPU
		Release|Any CPU = Release|Any CPU
	EndGlobalSection
	GlobalSection(ProjectConfigurationPlatforms) = postSolution
		{5E5256B0-7B9B-429F-AE80-670CA55BD61A}.Debug|Any CPU.ActiveCfg = Debug|Any CPU
		{5E5256B0-7B9B-429F-AE80-670CA55BD61A}.Debug|Any CPU.Build.0 = Debug|Any CPU
		{5E5256B0-7B9B-429F-AE80-670CA55BD61A}.Release|Any CPU.ActiveCfg = Release|Any CPU
		{5E5256B0-7B9B-429F-AE80-670CA55BD61A}.Release|Any CPU.Build.0 = Release|Any CPU
	EndGlobalSection
	GlobalSection(SolutionProperties) = preSolution
		HideSolutionNode = FALSE
	EndGlobalSection
	GlobalSection(ExtensibilityGlobals) = postSolution
		SolutionGuid = {7350E8D5-19F8-4AEA-BEBB-2053A0221688}
	EndGlobalSection
EndGlobal
